{"1.2.0",
[{<<"cowboy">>,
  {git,"git://github.com/ninenines/cowboy",
       {ref,"3eec447960eb03cde48f0f04cd72fd4d1e548ca0"}},
  0},
 {<<"cowlib">>,
  {git,"https://github.com/ninenines/cowlib",
       {ref,"1b5539a1da1d39b110d81b118000f00bbedaf4b4"}},
  1},
 {<<"jsx">>,{pkg,<<"jsx">>,<<"3.0.0">>},1},
 {<<"leec">>,
  {git,"git://github.com/Olivier-Boudeville/Ceylan-LEEC",
       {ref,"5de5af7b0b059e2cb70e9f52cb9885f6a3bc3162"}},
  0},
 {<<"myriad">>,
  {git,"git://github.com/Olivier-Boudeville/Ceylan-Myriad",
       {ref,"0958f8b567694e1c731289b98fdf23cf7b93a131"}},
  0},
 {<<"ranch">>,
  {git,"https://github.com/ninenines/ranch",
       {ref,"3190aef88aea04d6dce8545fe9b4574288903f44"}},
  1},
 {<<"traces">>,
  {git,"git://github.com/Olivier-Boudeville/Ceylan-Traces",
       {ref,"10bf017346c53fccc166cdb30762330349f93170"}},
  0},
 {<<"us_common">>,
  {git,"git://github.com/Olivier-Boudeville/us-common",
       {ref,"d06a9ccc10bb4806cf49215f7d549a1c8e54c901"}},
  0},
 {<<"wooper">>,
  {git,"git://github.com/Olivier-Boudeville/Ceylan-WOOPER",
       {ref,"8ac41a53619085e9122ac534e854e275cd16f7fb"}},
  0}]}.
[
{pkg_hash,[
 {<<"jsx">>, <<"20A170ABD4335FC6DB24D5FAD1E5D677C55DADF83D1B20A8A33B5FE159892A39">>}]},
{pkg_hash_ext,[
 {<<"jsx">>, <<"37BECA0435F5CA8A2F45F76A46211E76418FBEF80C36F0361C249FC75059DC6D">>}]}
].
