[{<<"cowboy">>,
  {git,"https://github.com/ninenines/cowboy.git",
       {ref,"e713a630f384f861fa396048f9c881ca183aeda9"}},
  0},
 {<<"cowlib">>,
  {git,"https://github.com/ninenines/cowlib",
       {ref,"aca0ad953417b29bab2c41eeb4c37c98606c848b"}},
  1},
 {<<"leec">>,
  {git,"https://github.com/Olivier-Boudeville/Ceylan-LEEC.git",
       {ref,"674be93675bdf932d10fc2e51143bee42ebdd03d"}},
  0},
 {<<"myriad">>,
  {git,"https://github.com/Olivier-Boudeville/Ceylan-Myriad.git",
       {ref,"05e7371cd2a9b480eab7e53a2f41e3631efefb1d"}},
  0},
 {<<"ranch">>,
  {git,"https://github.com/ninenines/ranch",
       {ref,"10b51304b26062e0dbfd5e74824324e9a911e269"}},
  1},
 {<<"traces">>,
  {git,"https://github.com/Olivier-Boudeville/Ceylan-Traces.git",
       {ref,"b5e24fb65d63ac812803e0a2b356ea54a534dee5"}},
  0},
 {<<"us_common">>,
  {git,"https://github.com/Olivier-Boudeville/us-common.git",
       {ref,"cc3fefa6b74d758b7e965c582b5aa7a9bc98d1df"}},
  0},
 {<<"wooper">>,
  {git,"https://github.com/Olivier-Boudeville/Ceylan-WOOPER.git",
       {ref,"58be9957b8bd46cee0d2dafa38318f7de99db637"}},
  0}].
